
Microsoft Visual Studio Solution File, Format Version 12.00
# Visual Studio Version 16
VisualStudioVersion = 16.0.30320.27
MinimumVisualStudioVersion = 10.0.40219.1
Project("{FAE04EC0-301F-11D3-BF4B-00C04F79EFBC}") = "WeixinSDK.Net", "WeixinSDK.Net\WeixinSDK.Net.csproj", "{C9E4E5BF-0239-49B5-B72A-EBD7CD6679D2}"
EndProject
Global
	GlobalSection(SolutionConfigurationPlatforms) = preSolution
		Debug|Any CPU = Debug|Any CPU
		Release|Any CPU = Release|Any CPU
	EndGlobalSection
	GlobalSection(ProjectConfigurationPlatforms) = postSolution
		{C9E4E5BF-0239-49B5-B72A-EBD7CD6679D2}.Debug|Any CPU.ActiveCfg = Debug|Any CPU
		{C9E4E5BF-0239-49B5-B72A-EBD7CD6679D2}.Debug|Any CPU.Build.0 = Debug|Any CPU
		{C9E4E5BF-0239-49B5-B72A-EBD7CD6679D2}.Release|Any CPU.ActiveCfg = Release|Any CPU
		{C9E4E5BF-0239-49B5-B72A-EBD7CD6679D2}.Release|Any CPU.Build.0 = Release|Any CPU
	EndGlobalSection
	GlobalSection(SolutionProperties) = preSolution
		HideSolutionNode = FALSE
	EndGlobalSection
	GlobalSection(ExtensibilityGlobals) = postSolution
		SolutionGuid = {CA76F398-B06C-4ACF-854F-541DDEAB1B76}
	EndGlobalSection
	GlobalSection(SubversionScc) = preSolution
		Svn-Managed = True
		Manager = AnkhSVN - Subversion Support for Visual Studio
	EndGlobalSection
EndGlobal
